
Microsoft Visual Studio Solution File, Format Version 12.00
# Visual Studio Version 16
VisualStudioVersion = 16.0.32106.194
MinimumVisualStudioVersion = 10.0.40219.1
Project("{FAE04EC0-301F-11D3-BF4B-00C04F79EFBC}") = "menutabuadacpf", "menutabuadacpf\menutabuadacpf.csproj", "{74BC8209-5AC4-4F71-BB31-53EFB60443C7}"
EndProject
Global
	GlobalSection(SolutionConfigurationPlatforms) = preSolution
		Debug|Any CPU = Debug|Any CPU
		Release|Any CPU = Release|Any CPU
	EndGlobalSection
	GlobalSection(ProjectConfigurationPlatforms) = postSolution
		{74BC8209-5AC4-4F71-BB31-53EFB60443C7}.Debug|Any CPU.ActiveCfg = Debug|Any CPU
		{74BC8209-5AC4-4F71-BB31-53EFB60443C7}.Debug|Any CPU.Build.0 = Debug|Any CPU
		{74BC8209-5AC4-4F71-BB31-53EFB60443C7}.Release|Any CPU.ActiveCfg = Release|Any CPU
		{74BC8209-5AC4-4F71-BB31-53EFB60443C7}.Release|Any CPU.Build.0 = Release|Any CPU
	EndGlobalSection
	GlobalSection(SolutionProperties) = preSolution
		HideSolutionNode = FALSE
	EndGlobalSection
	GlobalSection(ExtensibilityGlobals) = postSolution
		SolutionGuid = {D7F68933-E6B6-4B6D-B042-8ED72FE1CFC8}
	EndGlobalSection
EndGlobal
